
Microsoft Visual Studio Solution File, Format Version 12.00
# Visual Studio Version 17
VisualStudioVersion = 17.3.32929.385
MinimumVisualStudioVersion = 10.0.40219.1
Project("{FAE04EC0-301F-11D3-BF4B-00C04F79EFBC}") = "RockShop", "RockShop\RockShop.csproj", "{45BA6A2A-874E-4399-8B7B-10EA1A690A27}"
EndProject
Project("{FAE04EC0-301F-11D3-BF4B-00C04F79EFBC}") = "RockShop.Infrastructure", "RockShop.Infrastructure\RockShop.Infrastructure.csproj", "{D4449421-C262-4BE1-8042-0993D408AAE1}"
EndProject
Project("{FAE04EC0-301F-11D3-BF4B-00C04F79EFBC}") = "RockShop.Core", "RockShop.Core\RockShop.Core.csproj", "{5943EAD0-9306-478E-8E1F-79BE9603535D}"
EndProject
Global
	GlobalSection(SolutionConfigurationPlatforms) = preSolution
		Debug|Any CPU = Debug|Any CPU
		Release|Any CPU = Release|Any CPU
	EndGlobalSection
	GlobalSection(ProjectConfigurationPlatforms) = postSolution
		{45BA6A2A-874E-4399-8B7B-10EA1A690A27}.Debug|Any CPU.ActiveCfg = Debug|Any CPU
		{45BA6A2A-874E-4399-8B7B-10EA1A690A27}.Debug|Any CPU.Build.0 = Debug|Any CPU
		{45BA6A2A-874E-4399-8B7B-10EA1A690A27}.Release|Any CPU.ActiveCfg = Release|Any CPU
		{45BA6A2A-874E-4399-8B7B-10EA1A690A27}.Release|Any CPU.Build.0 = Release|Any CPU
		{D4449421-C262-4BE1-8042-0993D408AAE1}.Debug|Any CPU.ActiveCfg = Debug|Any CPU
		{D4449421-C262-4BE1-8042-0993D408AAE1}.Debug|Any CPU.Build.0 = Debug|Any CPU
		{D4449421-C262-4BE1-8042-0993D408AAE1}.Release|Any CPU.ActiveCfg = Release|Any CPU
		{D4449421-C262-4BE1-8042-0993D408AAE1}.Release|Any CPU.Build.0 = Release|Any CPU
		{5943EAD0-9306-478E-8E1F-79BE9603535D}.Debug|Any CPU.ActiveCfg = Debug|Any CPU
		{5943EAD0-9306-478E-8E1F-79BE9603535D}.Debug|Any CPU.Build.0 = Debug|Any CPU
		{5943EAD0-9306-478E-8E1F-79BE9603535D}.Release|Any CPU.ActiveCfg = Release|Any CPU
		{5943EAD0-9306-478E-8E1F-79BE9603535D}.Release|Any CPU.Build.0 = Release|Any CPU
	EndGlobalSection
	GlobalSection(SolutionProperties) = preSolution
		HideSolutionNode = FALSE
	EndGlobalSection
	GlobalSection(ExtensibilityGlobals) = postSolution
		SolutionGuid = {B174C074-6641-4E11-A833-CCBE16B44CB7}
	EndGlobalSection
EndGlobal
